// !$*UTF8*$!
{
	archiveVersion = 1;
	classes = {
	};
	objectVersion = 46;
	objects = {

/* Begin PBXBuildFile section */
		2505A24E1EB617C200BCC6AD /* dataList.plist in Resources */ = {isa = PBXBuildFile; fileRef = 2505A24D1EB617C200BCC6AD /* dataList.plist */; };
		2505A2521EB61CFD00BCC6AD /* HZCoreImageViewController.m in Sources */ = {isa = PBXBuildFile; fileRef = 2505A2511EB61CFD00BCC6AD /* HZCoreImageViewController.m */; };
		2515155B1EB98748008321A3 /* Tool.m in Sources */ = {isa = PBXBuildFile; fileRef = 2515155A1EB98748008321A3 /* Tool.m */; };
		251541D81ECA9CDC00676235 /* HZChromaKeyFilter.m in Sources */ = {isa = PBXBuildFile; fileRef = 251541D71ECA9CDC00676235 /* HZChromaKeyFilter.m */; };
		2544B57B1EBB140C0036AA41 /* HZDetectorViewController.m in Sources */ = {isa = PBXBuildFile; fileRef = 2544B57A1EBB140C0036AA41 /* HZDetectorViewController.m */; };
		256FFDA21EB4CECA0087FCE6 /* main.m in Sources */ = {isa = PBXBuildFile; fileRef = 256FFDA11EB4CECA0087FCE6 /* main.m */; };
		256FFDA51EB4CECA0087FCE6 /* AppDelegate.m in Sources */ = {isa = PBXBuildFile; fileRef = 256FFDA41EB4CECA0087FCE6 /* AppDelegate.m */; };
		256FFDA81EB4CECA0087FCE6 /* ViewController.m in Sources */ = {isa = PBXBuildFile; fileRef = 256FFDA71EB4CECA0087FCE6 /* ViewController.m */; };
		256FFDAB1EB4CECA0087FCE6 /* Main.storyboard in Resources */ = {isa = PBXBuildFile; fileRef = 256FFDA91EB4CECA0087FCE6 /* Main.storyboard */; };
		256FFDAD1EB4CECA0087FCE6 /* Assets.xcassets in Resources */ = {isa = PBXBuildFile; fileRef = 256FFDAC1EB4CECA0087FCE6 /* Assets.xcassets */; };
		256FFDB01EB4CECA0087FCE6 /* LaunchScreen.storyboard in Resources */ = {isa = PBXBuildFile; fileRef = 256FFDAE1EB4CECA0087FCE6 /* LaunchScreen.storyboard */; };
		25A23EFC1ECBFD070083453C /* UIImageView+Gif.m in Sources */ = {isa = PBXBuildFile; fileRef = 25A23EFB1ECBFD070083453C /* UIImageView+Gif.m */; };
		25A4703F1ECC876D0044D92F /* HZDetectorSampleViewController.m in Sources */ = {isa = PBXBuildFile; fileRef = 25A4703E1ECC876D0044D92F /* HZDetectorSampleViewController.m */; };
		25D488FF1ECC26CA00E01079 /* halo_000.png in Resources */ = {isa = PBXBuildFile; fileRef = 25D488D61ECC26CA00E01079 /* halo_000.png */; };
		25D489001ECC26CA00E01079 /* halo_001.png in Resources */ = {isa = PBXBuildFile; fileRef = 25D488D71ECC26CA00E01079 /* halo_001.png */; };
		25D489011ECC26CA00E01079 /* halo_002.png in Resources */ = {isa = PBXBuildFile; fileRef = 25D488D81ECC26CA00E01079 /* halo_002.png */; };
		25D489021ECC26CA00E01079 /* halo_003.png in Resources */ = {isa = PBXBuildFile; fileRef = 25D488D91ECC26CA00E01079 /* halo_003.png */; };
		25D489031ECC26CA00E01079 /* halo_004.png in Resources */ = {isa = PBXBuildFile; fileRef = 25D488DA1ECC26CA00E01079 /* halo_004.png */; };
		25D489041ECC26CA00E01079 /* halo_005.png in Resources */ = {isa = PBXBuildFile; fileRef = 25D488DB1ECC26CA00E01079 /* halo_005.png */; };
		25D489051ECC26CA00E01079 /* halo_006.png in Resources */ = {isa = PBXBuildFile; fileRef = 25D488DC1ECC26CA00E01079 /* halo_006.png */; };
		25D489061ECC26CA00E01079 /* halo_007.png in Resources */ = {isa = PBXBuildFile; fileRef = 25D488DD1ECC26CA00E01079 /* halo_007.png */; };
		25D489071ECC26CA00E01079 /* halo_008.png in Resources */ = {isa = PBXBuildFile; fileRef = 25D488DE1ECC26CA00E01079 /* halo_008.png */; };
		25D489081ECC26CA00E01079 /* halo_009.png in Resources */ = {isa = PBXBuildFile; fileRef = 25D488DF1ECC26CA00E01079 /* halo_009.png */; };
		25D489091ECC26CA00E01079 /* halo_010.png in Resources */ = {isa = PBXBuildFile; fileRef = 25D488E01ECC26CA00E01079 /* halo_010.png */; };
		25D4890A1ECC26CA00E01079 /* halo_011.png in Resources */ = {isa = PBXBuildFile; fileRef = 25D488E11ECC26CA00E01079 /* halo_011.png */; };
		25D4890B1ECC26CA00E01079 /* halo_012.png in Resources */ = {isa = PBXBuildFile; fileRef = 25D488E21ECC26CA00E01079 /* halo_012.png */; };
		25D4890C1ECC26CA00E01079 /* halo_013.png in Resources */ = {isa = PBXBuildFile; fileRef = 25D488E31ECC26CA00E01079 /* halo_013.png */; };
		25D4890D1ECC26CA00E01079 /* halo_014.png in Resources */ = {isa = PBXBuildFile; fileRef = 25D488E41ECC26CA00E01079 /* halo_014.png */; };
		25D4890E1ECC26CA00E01079 /* halo_015.png in Resources */ = {isa = PBXBuildFile; fileRef = 25D488E51ECC26CA00E01079 /* halo_015.png */; };
		25D4890F1ECC26CA00E01079 /* halo_016.png in Resources */ = {isa = PBXBuildFile; fileRef = 25D488E61ECC26CA00E01079 /* halo_016.png */; };
		25D489101ECC26CA00E01079 /* halo_017.png in Resources */ = {isa = PBXBuildFile; fileRef = 25D488E71ECC26CA00E01079 /* halo_017.png */; };
		25D489111ECC26CA00E01079 /* halo_018.png in Resources */ = {isa = PBXBuildFile; fileRef = 25D488E81ECC26CA00E01079 /* halo_018.png */; };
		25D489121ECC26CA00E01079 /* halo_019.png in Resources */ = {isa = PBXBuildFile; fileRef = 25D488E91ECC26CA00E01079 /* halo_019.png */; };
		25D489131ECC26CA00E01079 /* halo_020.png in Resources */ = {isa = PBXBuildFile; fileRef = 25D488EA1ECC26CA00E01079 /* halo_020.png */; };
		25D489141ECC26CA00E01079 /* halo_021.png in Resources */ = {isa = PBXBuildFile; fileRef = 25D488EB1ECC26CA00E01079 /* halo_021.png */; };
		25D489151ECC26CA00E01079 /* halo_022.png in Resources */ = {isa = PBXBuildFile; fileRef = 25D488EC1ECC26CA00E01079 /* halo_022.png */; };
		25D489161ECC26CA00E01079 /* halo_023.png in Resources */ = {isa = PBXBuildFile; fileRef = 25D488ED1ECC26CA00E01079 /* halo_023.png */; };
		25D489171ECC26CA00E01079 /* halo_024.png in Resources */ = {isa = PBXBuildFile; fileRef = 25D488EE1ECC26CA00E01079 /* halo_024.png */; };
		25D489181ECC26CA00E01079 /* halo_025.png in Resources */ = {isa = PBXBuildFile; fileRef = 25D488EF1ECC26CA00E01079 /* halo_025.png */; };
		25D489191ECC26CA00E01079 /* halo_026.png in Resources */ = {isa = PBXBuildFile; fileRef = 25D488F01ECC26CA00E01079 /* halo_026.png */; };
		25D4891A1ECC26CA00E01079 /* halo_027.png in Resources */ = {isa = PBXBuildFile; fileRef = 25D488F11ECC26CA00E01079 /* halo_027.png */; };
		25D4891B1ECC26CA00E01079 /* halo_028.png in Resources */ = {isa = PBXBuildFile; fileRef = 25D488F21ECC26CA00E01079 /* halo_028.png */; };
		25D4891C1ECC26CA00E01079 /* halo_029.png in Resources */ = {isa = PBXBuildFile; fileRef = 25D488F31ECC26CA00E01079 /* halo_029.png */; };
		25D4891D1ECC26CA00E01079 /* halo_030.png in Resources */ = {isa = PBXBuildFile; fileRef = 25D488F41ECC26CA00E01079 /* halo_030.png */; };
		25D4891E1ECC26CA00E01079 /* halo_031.png in Resources */ = {isa = PBXBuildFile; fileRef = 25D488F51ECC26CA00E01079 /* halo_031.png */; };
		25D4891F1ECC26CA00E01079 /* halo_032.png in Resources */ = {isa = PBXBuildFile; fileRef = 25D488F61ECC26CA00E01079 /* halo_032.png */; };
		25D489201ECC26CA00E01079 /* halo_033.png in Resources */ = {isa = PBXBuildFile; fileRef = 25D488F71ECC26CA00E01079 /* halo_033.png */; };
		25D489211ECC26CA00E01079 /* halo_034.png in Resources */ = {isa = PBXBuildFile; fileRef = 25D488F81ECC26CA00E01079 /* halo_034.png */; };
		25D489221ECC26CA00E01079 /* halo_035.png in Resources */ = {isa = PBXBuildFile; fileRef = 25D488F91ECC26CA00E01079 /* halo_035.png */; };
		25D489231ECC26CA00E01079 /* halo_036.png in Resources */ = {isa = PBXBuildFile; fileRef = 25D488FA1ECC26CA00E01079 /* halo_036.png */; };
		25D489241ECC26CA00E01079 /* halo_037.png in Resources */ = {isa = PBXBuildFile; fileRef = 25D488FB1ECC26CA00E01079 /* halo_037.png */; };
		25D489251ECC26CA00E01079 /* halo_038.png in Resources */ = {isa = PBXBuildFile; fileRef = 25D488FC1ECC26CA00E01079 /* halo_038.png */; };
		25D489261ECC26CA00E01079 /* halo_039.png in Resources */ = {isa = PBXBuildFile; fileRef = 25D488FD1ECC26CA00E01079 /* halo_039.png */; };
		25D489271ECC26CA00E01079 /* halo_040.png in Resources */ = {isa = PBXBuildFile; fileRef = 25D488FE1ECC26CA00E01079 /* halo_040.png */; };
		25D4892A1ECC3CE900E01079 /* HZDetectorVideoViewController.m in Sources */ = {isa = PBXBuildFile; fileRef = 25D489291ECC3CE900E01079 /* HZDetectorVideoViewController.m */; };
		25D4892D1ECC450200E01079 /* UIImage+Extension.m in Sources */ = {isa = PBXBuildFile; fileRef = 25D4892C1ECC450200E01079 /* UIImage+Extension.m */; };
		25E01FFC1EB81EB90037CD2D /* HZCustomFilterViewController.m in Sources */ = {isa = PBXBuildFile; fileRef = 25E01FFB1EB81EB90037CD2D /* HZCustomFilterViewController.m */; };
		25E020061EB884A70037CD2D /* HZVideoViewController.m in Sources */ = {isa = PBXBuildFile; fileRef = 25E020051EB884A70037CD2D /* HZVideoViewController.m */; };
/* End PBXBuildFile section */

/* Begin PBXFileReference section */
		2505A24D1EB617C200BCC6AD /* dataList.plist */ = {isa = PBXFileReference; fileEncoding = 4; lastKnownFileType = text.plist.xml; path = dataList.plist; sourceTree = "<group>"; };
		2505A2511EB61CFD00BCC6AD /* HZCoreImageViewController.m */ = {isa = PBXFileReference; fileEncoding = 4; lastKnownFileType = sourcecode.c.objc; path = HZCoreImageViewController.m; sourceTree = "<group>"; };
		2505A2531EB61D0D00BCC6AD /* HZCoreImageViewController.h */ = {isa = PBXFileReference; lastKnownFileType = sourcecode.c.h; path = HZCoreImageViewController.h; sourceTree = "<group>"; };
		251515591EB98716008321A3 /* Tool.h */ = {isa = PBXFileReference; lastKnownFileType = sourcecode.c.h; path = Tool.h; sourceTree = "<group>"; };
		2515155A1EB98748008321A3 /* Tool.m */ = {isa = PBXFileReference; fileEncoding = 4; lastKnownFileType = sourcecode.c.objc; path = Tool.m; sourceTree = "<group>"; };
		251541D61ECA9BB100676235 /* HZChromaKeyFilter.h */ = {isa = PBXFileReference; lastKnownFileType = sourcecode.c.h; path = HZChromaKeyFilter.h; sourceTree = "<group>"; };
		251541D71ECA9CDC00676235 /* HZChromaKeyFilter.m */ = {isa = PBXFileReference; fileEncoding = 4; lastKnownFileType = sourcecode.c.objc; path = HZChromaKeyFilter.m; sourceTree = "<group>"; };
		2544B5791EBB13FC0036AA41 /* HZDetectorViewController.h */ = {isa = PBXFileReference; lastKnownFileType = sourcecode.c.h; path = HZDetectorViewController.h; sourceTree = "<group>"; };
		2544B57A1EBB140C0036AA41 /* HZDetectorViewController.m */ = {isa = PBXFileReference; fileEncoding = 4; lastKnownFileType = sourcecode.c.objc; path = HZDetectorViewController.m; sourceTree = "<group>"; };
		256FFD9D1EB4CECA0087FCE6 /* HZImageFilter.app */ = {isa = PBXFileReference; explicitFileType = wrapper.application; includeInIndex = 0; path = HZImageFilter.app; sourceTree = BUILT_PRODUCTS_DIR; };
		256FFDA11EB4CECA0087FCE6 /* main.m */ = {isa = PBXFileReference; lastKnownFileType = sourcecode.c.objc; path = main.m; sourceTree = "<group>"; };
		256FFDA31EB4CECA0087FCE6 /* AppDelegate.h */ = {isa = PBXFileReference; lastKnownFileType = sourcecode.c.h; path = AppDelegate.h; sourceTree = "<group>"; };
		256FFDA41EB4CECA0087FCE6 /* AppDelegate.m */ = {isa = PBXFileReference; lastKnownFileType = sourcecode.c.objc; path = AppDelegate.m; sourceTree = "<group>"; };
		256FFDA61EB4CECA0087FCE6 /* ViewController.h */ = {isa = PBXFileReference; lastKnownFileType = sourcecode.c.h; path = ViewController.h; sourceTree = "<group>"; };
		256FFDA71EB4CECA0087FCE6 /* ViewController.m */ = {isa = PBXFileReference; lastKnownFileType = sourcecode.c.objc; path = ViewController.m; sourceTree = "<group>"; };
		256FFDAA1EB4CECA0087FCE6 /* Base */ = {isa = PBXFileReference; lastKnownFileType = file.storyboard; name = Base; path = Base.lproj/Main.storyboard; sourceTree = "<group>"; };
		256FFDAC1EB4CECA0087FCE6 /* Assets.xcassets */ = {isa = PBXFileReference; lastKnownFileType = folder.assetcatalog; path = Assets.xcassets; sourceTree = "<group>"; };
		256FFDAF1EB4CECA0087FCE6 /* Base */ = {isa = PBXFileReference; lastKnownFileType = file.storyboard; name = Base; path = Base.lproj/LaunchScreen.storyboard; sourceTree = "<group>"; };
		256FFDB11EB4CECA0087FCE6 /* Info.plist */ = {isa = PBXFileReference; lastKnownFileType = text.plist.xml; path = Info.plist; sourceTree = "<group>"; };
		25A23EFA1ECBFD070083453C /* UIImageView+Gif.h */ = {isa = PBXFileReference; fileEncoding = 4; lastKnownFileType = sourcecode.c.h; path = "UIImageView+Gif.h"; sourceTree = "<group>"; };
		25A23EFB1ECBFD070083453C /* UIImageView+Gif.m */ = {isa = PBXFileReference; fileEncoding = 4; lastKnownFileType = sourcecode.c.objc; path = "UIImageView+Gif.m"; sourceTree = "<group>"; };
		25A4703D1ECC875C0044D92F /* HZDetectorSampleViewController.h */ = {isa = PBXFileReference; lastKnownFileType = sourcecode.c.h; path = HZDetectorSampleViewController.h; sourceTree = "<group>"; };
		25A4703E1ECC876D0044D92F /* HZDetectorSampleViewController.m */ = {isa = PBXFileReference; fileEncoding = 4; lastKnownFileType = sourcecode.c.objc; path = HZDetectorSampleViewController.m; sourceTree = "<group>"; };
		25D488D61ECC26CA00E01079 /* halo_000.png */ = {isa = PBXFileReference; lastKnownFileType = image.png; path = halo_000.png; sourceTree = "<group>"; };
		25D488D71ECC26CA00E01079 /* halo_001.png */ = {isa = PBXFileReference; lastKnownFileType = image.png; path = halo_001.png; sourceTree = "<group>"; };
		25D488D81ECC26CA00E01079 /* halo_002.png */ = {isa = PBXFileReference; lastKnownFileType = image.png; path = halo_002.png; sourceTree = "<group>"; };
		25D488D91ECC26CA00E01079 /* halo_003.png */ = {isa = PBXFileReference; lastKnownFileType = image.png; path = halo_003.png; sourceTree = "<group>"; };
		25D488DA1ECC26CA00E01079 /* halo_004.png */ = {isa = PBXFileReference; lastKnownFileType = image.png; path = halo_004.png; sourceTree = "<group>"; };
		25D488DB1ECC26CA00E01079 /* halo_005.png */ = {isa = PBXFileReference; lastKnownFileType = image.png; path = halo_005.png; sourceTree = "<group>"; };
		25D488DC1ECC26CA00E01079 /* halo_006.png */ = {isa = PBXFileReference; lastKnownFileType = image.png; path = halo_006.png; sourceTree = "<group>"; };
		25D488DD1ECC26CA00E01079 /* halo_007.png */ = {isa = PBXFileReference; lastKnownFileType = image.png; path = halo_007.png; sourceTree = "<group>"; };
		25D488DE1ECC26CA00E01079 /* halo_008.png */ = {isa = PBXFileReference; lastKnownFileType = image.png; path = halo_008.png; sourceTree = "<group>"; };
		25D488DF1ECC26CA00E01079 /* halo_009.png */ = {isa = PBXFileReference; lastKnownFileType = image.png; path = halo_009.png; sourceTree = "<group>"; };
		25D488E01ECC26CA00E01079 /* halo_010.png */ = {isa = PBXFileReference; lastKnownFileType = image.png; path = halo_010.png; sourceTree = "<group>"; };
		25D488E11ECC26CA00E01079 /* halo_011.png */ = {isa = PBXFileReference; lastKnownFileType = image.png; path = halo_011.png; sourceTree = "<group>"; };
		25D488E21ECC26CA00E01079 /* halo_012.png */ = {isa = PBXFileReference; lastKnownFileType = image.png; path = halo_012.png; sourceTree = "<group>"; };
		25D488E31ECC26CA00E01079 /* halo_013.png */ = {isa = PBXFileReference; lastKnownFileType = image.png; path = halo_013.png; sourceTree = "<group>"; };
		25D488E41ECC26CA00E01079 /* halo_014.png */ = {isa = PBXFileReference; lastKnownFileType = image.png; path = halo_014.png; sourceTree = "<group>"; };
		25D488E51ECC26CA00E01079 /* halo_015.png */ = {isa = PBXFileReference; lastKnownFileType = image.png; path = halo_015.png; sourceTree = "<group>"; };
		25D488E61ECC26CA00E01079 /* halo_016.png */ = {isa = PBXFileReference; lastKnownFileType = image.png; path = halo_016.png; sourceTree = "<group>"; };
		25D488E71ECC26CA00E01079 /* halo_017.png */ = {isa = PBXFileReference; lastKnownFileType = image.png; path = halo_017.png; sourceTree = "<group>"; };
		25D488E81ECC26CA00E01079 /* halo_018.png */ = {isa = PBXFileReference; lastKnownFileType = image.png; path = halo_018.png; sourceTree = "<group>"; };
		25D488E91ECC26CA00E01079 /* halo_019.png */ = {isa = PBXFileReference; lastKnownFileType = image.png; path = halo_019.png; sourceTree = "<group>"; };
		25D488EA1ECC26CA00E01079 /* halo_020.png */ = {isa = PBXFileReference; lastKnownFileType = image.png; path = halo_020.png; sourceTree = "<group>"; };
		25D488EB1ECC26CA00E01079 /* halo_021.png */ = {isa = PBXFileReference; lastKnownFileType = image.png; path = halo_021.png; sourceTree = "<group>"; };
		25D488EC1ECC26CA00E01079 /* halo_022.png */ = {isa = PBXFileReference; lastKnownFileType = image.png; path = halo_022.png; sourceTree = "<group>"; };
		25D488ED1ECC26CA00E01079 /* halo_023.png */ = {isa = PBXFileReference; lastKnownFileType = image.png; path = halo_023.png; sourceTree = "<group>"; };
		25D488EE1ECC26CA00E01079 /* halo_024.png */ = {isa = PBXFileReference; lastKnownFileType = image.png; path = halo_024.png; sourceTree = "<group>"; };
		25D488EF1ECC26CA00E01079 /* halo_025.png */ = {isa = PBXFileReference; lastKnownFileType = image.png; path = halo_025.png; sourceTree = "<group>"; };
		25D488F01ECC26CA00E01079 /* halo_026.png */ = {isa = PBXFileReference; lastKnownFileType = image.png; path = halo_026.png; sourceTree = "<group>"; };
		25D488F11ECC26CA00E01079 /* halo_027.png */ = {isa = PBXFileReference; lastKnownFileType = image.png; path = halo_027.png; sourceTree = "<group>"; };
		25D488F21ECC26CA00E01079 /* halo_028.png */ = {isa = PBXFileReference; lastKnownFileType = image.png; path = halo_028.png; sourceTree = "<group>"; };
		25D488F31ECC26CA00E01079 /* halo_029.png */ = {isa = PBXFileReference; lastKnownFileType = image.png; path = halo_029.png; sourceTree = "<group>"; };
		25D488F41ECC26CA00E01079 /* halo_030.png */ = {isa = PBXFileReference; lastKnownFileType = image.png; path = halo_030.png; sourceTree = "<group>"; };
		25D488F51ECC26CA00E01079 /* halo_031.png */ = {isa = PBXFileReference; lastKnownFileType = image.png; path = halo_031.png; sourceTree = "<group>"; };
		25D488F61ECC26CA00E01079 /* halo_032.png */ = {isa = PBXFileReference; lastKnownFileType = image.png; path = halo_032.png; sourceTree = "<group>"; };
		25D488F71ECC26CA00E01079 /* halo_033.png */ = {isa = PBXFileReference; lastKnownFileType = image.png; path = halo_033.png; sourceTree = "<group>"; };
		25D488F81ECC26CA00E01079 /* halo_034.png */ = {isa = PBXFileReference; lastKnownFileType = image.png; path = halo_034.png; sourceTree = "<group>"; };
		25D488F91ECC26CA00E01079 /* halo_035.png */ = {isa = PBXFileReference; lastKnownFileType = image.png; path = halo_035.png; sourceTree = "<group>"; };
		25D488FA1ECC26CA00E01079 /* halo_036.png */ = {isa = PBXFileReference; lastKnownFileType = image.png; path = halo_036.png; sourceTree = "<group>"; };
		25D488FB1ECC26CA00E01079 /* halo_037.png */ = {isa = PBXFileReference; lastKnownFileType = image.png; path = halo_037.png; sourceTree = "<group>"; };
		25D488FC1ECC26CA00E01079 /* halo_038.png */ = {isa = PBXFileReference; lastKnownFileType = image.png; path = halo_038.png; sourceTree = "<group>"; };
		25D488FD1ECC26CA00E01079 /* halo_039.png */ = {isa = PBXFileReference; lastKnownFileType = image.png; path = halo_039.png; sourceTree = "<group>"; };
		25D488FE1ECC26CA00E01079 /* halo_040.png */ = {isa = PBXFileReference; lastKnownFileType = image.png; path = halo_040.png; sourceTree = "<group>"; };
		25D489281ECC3CDA00E01079 /* HZDetectorVideoViewController.h */ = {isa = PBXFileReference; lastKnownFileType = sourcecode.c.h; path = HZDetectorVideoViewController.h; sourceTree = "<group>"; };
		25D489291ECC3CE900E01079 /* HZDetectorVideoViewController.m */ = {isa = PBXFileReference; fileEncoding = 4; lastKnownFileType = sourcecode.c.objc; path = HZDetectorVideoViewController.m; sourceTree = "<group>"; };
		25D4892B1ECC44F400E01079 /* UIImage+Extension.h */ = {isa = PBXFileReference; lastKnownFileType = sourcecode.c.h; path = "UIImage+Extension.h"; sourceTree = "<group>"; };
		25D4892C1ECC450200E01079 /* UIImage+Extension.m */ = {isa = PBXFileReference; fileEncoding = 4; lastKnownFileType = sourcecode.c.objc; path = "UIImage+Extension.m"; sourceTree = "<group>"; };
		25E01FFB1EB81EB90037CD2D /* HZCustomFilterViewController.m */ = {isa = PBXFileReference; fileEncoding = 4; lastKnownFileType = sourcecode.c.objc; path = HZCustomFilterViewController.m; sourceTree = "<group>"; };
		25E01FFD1EB81ECA0037CD2D /* HZCustomFilterViewController.h */ = {isa = PBXFileReference; lastKnownFileType = sourcecode.c.h; path = HZCustomFilterViewController.h; sourceTree = "<group>"; };
		25E020041EB884900037CD2D /* HZVideoViewController.h */ = {isa = PBXFileReference; lastKnownFileType = sourcecode.c.h; path = HZVideoViewController.h; sourceTree = "<group>"; };
		25E020051EB884A70037CD2D /* HZVideoViewController.m */ = {isa = PBXFileReference; fileEncoding = 4; lastKnownFileType = sourcecode.c.objc; path = HZVideoViewController.m; sourceTree = "<group>"; };
/* End PBXFileReference section */

/* Begin PBXFrameworksBuildPhase section */
		256FFD9A1EB4CECA0087FCE6 /* Frameworks */ = {
			isa = PBXFrameworksBuildPhase;
			buildActionMask = 2147483647;
			files = (
			);
			runOnlyForDeploymentPostprocessing = 0;
		};
/* End PBXFrameworksBuildPhase section */

/* Begin PBXGroup section */
		2505A24F1EB61CAB00BCC6AD /* Demo */ = {
			isa = PBXGroup;
			children = (
				25E01FFF1EB822940037CD2D /* Custom */,
				2544B5781EBB13EB0036AA41 /* Detector */,
				25E01FFE1EB822830037CD2D /* Filters */,
				25E020031EB884430037CD2D /* VideoFilter */,
				251515591EB98716008321A3 /* Tool.h */,
				2515155A1EB98748008321A3 /* Tool.m */,
			);
			path = Demo;
			sourceTree = "<group>";
		};
		2505A2501EB61CBA00BCC6AD /* Resource */ = {
			isa = PBXGroup;
			children = (
				25D488D51ECC26CA00E01079 /* halo */,
				256FFDAC1EB4CECA0087FCE6 /* Assets.xcassets */,
				256FFDB11EB4CECA0087FCE6 /* Info.plist */,
				2505A24D1EB617C200BCC6AD /* dataList.plist */,
			);
			path = Resource;
			sourceTree = "<group>";
		};
		251541D51ECA9B7D00676235 /* Filter */ = {
			isa = PBXGroup;
			children = (
				251541D61ECA9BB100676235 /* HZChromaKeyFilter.h */,
				251541D71ECA9CDC00676235 /* HZChromaKeyFilter.m */,
			);
			path = Filter;
			sourceTree = "<group>";
		};
		2544B5781EBB13EB0036AA41 /* Detector */ = {
			isa = PBXGroup;
			children = (
				2597F27A1ED08C4600CDC2CE /* Image */,
				2597F2791ED08C3E00CDC2CE /* Video */,
			);
			path = Detector;
			sourceTree = "<group>";
		};
		256FFD941EB4CECA0087FCE6 = {
			isa = PBXGroup;
			children = (
				256FFD9F1EB4CECA0087FCE6 /* HZImageFilter */,
				256FFD9E1EB4CECA0087FCE6 /* Products */,
			);
			sourceTree = "<group>";
		};
		256FFD9E1EB4CECA0087FCE6 /* Products */ = {
			isa = PBXGroup;
			children = (
				256FFD9D1EB4CECA0087FCE6 /* HZImageFilter.app */,
			);
			name = Products;
			sourceTree = "<group>";
		};
		256FFD9F1EB4CECA0087FCE6 /* HZImageFilter */ = {
			isa = PBXGroup;
			children = (
				25A23EFD1ECBFD100083453C /* Category */,
				2505A24F1EB61CAB00BCC6AD /* Demo */,
				251541D51ECA9B7D00676235 /* Filter */,
				2505A2501EB61CBA00BCC6AD /* Resource */,
				256FFDA01EB4CECA0087FCE6 /* Supporting Files */,
				256FFDA31EB4CECA0087FCE6 /* AppDelegate.h */,
				256FFDA41EB4CECA0087FCE6 /* AppDelegate.m */,
				256FFDAE1EB4CECA0087FCE6 /* LaunchScreen.storyboard */,
				256FFDA91EB4CECA0087FCE6 /* Main.storyboard */,
				256FFDA61EB4CECA0087FCE6 /* ViewController.h */,
				256FFDA71EB4CECA0087FCE6 /* ViewController.m */,
			);
			path = HZImageFilter;
			sourceTree = "<group>";
		};
		256FFDA01EB4CECA0087FCE6 /* Supporting Files */ = {
			isa = PBXGroup;
			children = (
				256FFDA11EB4CECA0087FCE6 /* main.m */,
			);
			path = "Supporting Files";
			sourceTree = "<group>";
		};
		2597F2791ED08C3E00CDC2CE /* Video */ = {
			isa = PBXGroup;
			children = (
				25A4703D1ECC875C0044D92F /* HZDetectorSampleViewController.h */,
				25A4703E1ECC876D0044D92F /* HZDetectorSampleViewController.m */,
				25D489281ECC3CDA00E01079 /* HZDetectorVideoViewController.h */,
				25D489291ECC3CE900E01079 /* HZDetectorVideoViewController.m */,
			);
			name = Video;
			sourceTree = "<group>";
		};
		2597F27A1ED08C4600CDC2CE /* Image */ = {
			isa = PBXGroup;
			children = (
				2544B5791EBB13FC0036AA41 /* HZDetectorViewController.h */,
				2544B57A1EBB140C0036AA41 /* HZDetectorViewController.m */,
			);
			name = Image;
			sourceTree = "<group>";
		};
		25A23EFD1ECBFD100083453C /* Category */ = {
			isa = PBXGroup;
			children = (
				25D4892B1ECC44F400E01079 /* UIImage+Extension.h */,
				25D4892C1ECC450200E01079 /* UIImage+Extension.m */,
				25A23EFA1ECBFD070083453C /* UIImageView+Gif.h */,
				25A23EFB1ECBFD070083453C /* UIImageView+Gif.m */,
			);
			path = Category;
			sourceTree = "<group>";
		};
		25D488D51ECC26CA00E01079 /* halo */ = {
			isa = PBXGroup;
			children = (
				25D488D61ECC26CA00E01079 /* halo_000.png */,
				25D488D71ECC26CA00E01079 /* halo_001.png */,
				25D488D81ECC26CA00E01079 /* halo_002.png */,
				25D488D91ECC26CA00E01079 /* halo_003.png */,
				25D488DA1ECC26CA00E01079 /* halo_004.png */,
				25D488DB1ECC26CA00E01079 /* halo_005.png */,
				25D488DC1ECC26CA00E01079 /* halo_006.png */,
				25D488DD1ECC26CA00E01079 /* halo_007.png */,
				25D488DE1ECC26CA00E01079 /* halo_008.png */,
				25D488DF1ECC26CA00E01079 /* halo_009.png */,
				25D488E01ECC26CA00E01079 /* halo_010.png */,
				25D488E11ECC26CA00E01079 /* halo_011.png */,
				25D488E21ECC26CA00E01079 /* halo_012.png */,
				25D488E31ECC26CA00E01079 /* halo_013.png */,
				25D488E41ECC26CA00E01079 /* halo_014.png */,
				25D488E51ECC26CA00E01079 /* halo_015.png */,
				25D488E61ECC26CA00E01079 /* halo_016.png */,
				25D488E71ECC26CA00E01079 /* halo_017.png */,
				25D488E81ECC26CA00E01079 /* halo_018.png */,
				25D488E91ECC26CA00E01079 /* halo_019.png */,
				25D488EA1ECC26CA00E01079 /* halo_020.png */,
				25D488EB1ECC26CA00E01079 /* halo_021.png */,
				25D488EC1ECC26CA00E01079 /* halo_022.png */,
				25D488ED1ECC26CA00E01079 /* halo_023.png */,
				25D488EE1ECC26CA00E01079 /* halo_024.png */,
				25D488EF1ECC26CA00E01079 /* halo_025.png */,
				25D488F01ECC26CA00E01079 /* halo_026.png */,
				25D488F11ECC26CA00E01079 /* halo_027.png */,
				25D488F21ECC26CA00E01079 /* halo_028.png */,
				25D488F31ECC26CA00E01079 /* halo_029.png */,
				25D488F41ECC26CA00E01079 /* halo_030.png */,
				25D488F51ECC26CA00E01079 /* halo_031.png */,
				25D488F61ECC26CA00E01079 /* halo_032.png */,
				25D488F71ECC26CA00E01079 /* halo_033.png */,
				25D488F81ECC26CA00E01079 /* halo_034.png */,
				25D488F91ECC26CA00E01079 /* halo_035.png */,
				25D488FA1ECC26CA00E01079 /* halo_036.png */,
				25D488FB1ECC26CA00E01079 /* halo_037.png */,
				25D488FC1ECC26CA00E01079 /* halo_038.png */,
				25D488FD1ECC26CA00E01079 /* halo_039.png */,
				25D488FE1ECC26CA00E01079 /* halo_040.png */,
			);
			path = halo;
			sourceTree = "<group>";
		};
		25E01FFE1EB822830037CD2D /* Filters */ = {
			isa = PBXGroup;
			children = (
				2505A2531EB61D0D00BCC6AD /* HZCoreImageViewController.h */,
				2505A2511EB61CFD00BCC6AD /* HZCoreImageViewController.m */,
			);
			path = Filters;
			sourceTree = "<group>";
		};
		25E01FFF1EB822940037CD2D /* Custom */ = {
			isa = PBXGroup;
			children = (
				25E01FFD1EB81ECA0037CD2D /* HZCustomFilterViewController.h */,
				25E01FFB1EB81EB90037CD2D /* HZCustomFilterViewController.m */,
			);
			path = Custom;
			sourceTree = "<group>";
		};
		25E020031EB884430037CD2D /* VideoFilter */ = {
			isa = PBXGroup;
			children = (
				25E020041EB884900037CD2D /* HZVideoViewController.h */,
				25E020051EB884A70037CD2D /* HZVideoViewController.m */,
			);
			path = VideoFilter;
			sourceTree = "<group>";
		};
/* End PBXGroup section */

/* Begin PBXNativeTarget section */
		256FFD9C1EB4CECA0087FCE6 /* HZImageFilter */ = {
			isa = PBXNativeTarget;
			buildConfigurationList = 256FFDB41EB4CECA0087FCE6 /* Build configuration list for PBXNativeTarget "HZImageFilter" */;
			buildPhases = (
				256FFD991EB4CECA0087FCE6 /* Sources */,
				256FFD9A1EB4CECA0087FCE6 /* Frameworks */,
				256FFD9B1EB4CECA0087FCE6 /* Resources */,
			);
			buildRules = (
			);
			dependencies = (
			);
			name = HZImageFilter;
			productName = HZImageFilter;
			productReference = 256FFD9D1EB4CECA0087FCE6 /* HZImageFilter.app */;
			productType = "com.apple.product-type.application";
		};
/* End PBXNativeTarget section */

/* Begin PBXProject section */
		256FFD951EB4CECA0087FCE6 /* Project object */ = {
			isa = PBXProject;
			attributes = {
				LastUpgradeCheck = 0830;
				ORGANIZATIONNAME = zzgo;
				TargetAttributes = {
					256FFD9C1EB4CECA0087FCE6 = {
						CreatedOnToolsVersion = 8.3.2;
						DevelopmentTeam = 4GK5VN4446;
						ProvisioningStyle = Automatic;
					};
				};
			};
			buildConfigurationList = 256FFD981EB4CECA0087FCE6 /* Build configuration list for PBXProject "HZImageFilter" */;
			compatibilityVersion = "Xcode 3.2";
			developmentRegion = English;
			hasScannedForEncodings = 0;
			knownRegions = (
				en,
				Base,
			);
			mainGroup = 256FFD941EB4CECA0087FCE6;
			productRefGroup = 256FFD9E1EB4CECA0087FCE6 /* Products */;
			projectDirPath = "";
			projectRoot = "";
			targets = (
				256FFD9C1EB4CECA0087FCE6 /* HZImageFilter */,
			);
		};
/* End PBXProject section */

/* Begin PBXResourcesBuildPhase section */
		256FFD9B1EB4CECA0087FCE6 /* Resources */ = {
			isa = PBXResourcesBuildPhase;
			buildActionMask = 2147483647;
			files = (
				25D4890C1ECC26CA00E01079 /* halo_013.png in Resources */,
				25D489031ECC26CA00E01079 /* halo_004.png in Resources */,
				256FFDB01EB4CECA0087FCE6 /* LaunchScreen.storyboard in Resources */,
				25D489211ECC26CA00E01079 /* halo_034.png in Resources */,
				25D489161ECC26CA00E01079 /* halo_023.png in Resources */,
				25D489141ECC26CA00E01079 /* halo_021.png in Resources */,
				256FFDAD1EB4CECA0087FCE6 /* Assets.xcassets in Resources */,
				25D489131ECC26CA00E01079 /* halo_020.png in Resources */,
				25D4891C1ECC26CA00E01079 /* halo_029.png in Resources */,
				25D489271ECC26CA00E01079 /* halo_040.png in Resources */,
				25D4890E1ECC26CA00E01079 /* halo_015.png in Resources */,
				25D4891D1ECC26CA00E01079 /* halo_030.png in Resources */,
				25D489201ECC26CA00E01079 /* halo_033.png in Resources */,
				25D489251ECC26CA00E01079 /* halo_038.png in Resources */,
				25D489071ECC26CA00E01079 /* halo_008.png in Resources */,
				25D489181ECC26CA00E01079 /* halo_025.png in Resources */,
				25D4890A1ECC26CA00E01079 /* halo_011.png in Resources */,
				25D489151ECC26CA00E01079 /* halo_022.png in Resources */,
				25D489231ECC26CA00E01079 /* halo_036.png in Resources */,
				2505A24E1EB617C200BCC6AD /* dataList.plist in Resources */,
				25D489081ECC26CA00E01079 /* halo_009.png in Resources */,
				25D4890B1ECC26CA00E01079 /* halo_012.png in Resources */,
				25D4891B1ECC26CA00E01079 /* halo_028.png in Resources */,
				25D4891E1ECC26CA00E01079 /* halo_031.png in Resources */,
				25D489001ECC26CA00E01079 /* halo_001.png in Resources */,
				25D4890D1ECC26CA00E01079 /* halo_014.png in Resources */,
				25D489121ECC26CA00E01079 /* halo_019.png in Resources */,
				256FFDAB1EB4CECA0087FCE6 /* Main.storyboard in Resources */,
				25D489021ECC26CA00E01079 /* halo_003.png in Resources */,
				25D489091ECC26CA00E01079 /* halo_010.png in Resources */,
				25D489191ECC26CA00E01079 /* halo_026.png in Resources */,
				25D489011ECC26CA00E01079 /* halo_002.png in Resources */,
				25D489241ECC26CA00E01079 /* halo_037.png in Resources */,
				25D4891F1ECC26CA00E01079 /* halo_032.png in Resources */,
				25D488FF1ECC26CA00E01079 /* halo_000.png in Resources */,
				25D489261ECC26CA00E01079 /* halo_039.png in Resources */,
				25D489061ECC26CA00E01079 /* halo_007.png in Resources */,
				25D489111ECC26CA00E01079 /* halo_018.png in Resources */,
				25D489101ECC26CA00E01079 /* halo_017.png in Resources */,
				25D489221ECC26CA00E01079 /* halo_035.png in Resources */,
				25D4891A1ECC26CA00E01079 /* halo_027.png in Resources */,
				25D4890F1ECC26CA00E01079 /* halo_016.png in Resources */,
				25D489041ECC26CA00E01079 /* halo_005.png in Resources */,
				25D489051ECC26CA00E01079 /* halo_006.png in Resources */,
				25D489171ECC26CA00E01079 /* halo_024.png in Resources */,
			);
			runOnlyForDeploymentPostprocessing = 0;
		};
/* End PBXResourcesBuildPhase section */

/* Begin PBXSourcesBuildPhase section */
		256FFD991EB4CECA0087FCE6 /* Sources */ = {
			isa = PBXSourcesBuildPhase;
			buildActionMask = 2147483647;
			files = (
				2544B57B1EBB140C0036AA41 /* HZDetectorViewController.m in Sources */,
				25A4703F1ECC876D0044D92F /* HZDetectorSampleViewController.m in Sources */,
				25E020061EB884A70037CD2D /* HZVideoViewController.m in Sources */,
				256FFDA81EB4CECA0087FCE6 /* ViewController.m in Sources */,
				25D4892D1ECC450200E01079 /* UIImage+Extension.m in Sources */,
				25D4892A1ECC3CE900E01079 /* HZDetectorVideoViewController.m in Sources */,
				256FFDA51EB4CECA0087FCE6 /* AppDelegate.m in Sources */,
				25E01FFC1EB81EB90037CD2D /* HZCustomFilterViewController.m in Sources */,
				25A23EFC1ECBFD070083453C /* UIImageView+Gif.m in Sources */,
				256FFDA21EB4CECA0087FCE6 /* main.m in Sources */,
				2505A2521EB61CFD00BCC6AD /* HZCoreImageViewController.m in Sources */,
				251541D81ECA9CDC00676235 /* HZChromaKeyFilter.m in Sources */,
				2515155B1EB98748008321A3 /* Tool.m in Sources */,
			);
			runOnlyForDeploymentPostprocessing = 0;
		};
/* End PBXSourcesBuildPhase section */

/* Begin PBXVariantGroup section */
		256FFDA91EB4CECA0087FCE6 /* Main.storyboard */ = {
			isa = PBXVariantGroup;
			children = (
				256FFDAA1EB4CECA0087FCE6 /* Base */,
			);
			name = Main.storyboard;
			path = .;
			sourceTree = "<group>";
		};
		256FFDAE1EB4CECA0087FCE6 /* LaunchScreen.storyboard */ = {
			isa = PBXVariantGroup;
			children = (
				256FFDAF1EB4CECA0087FCE6 /* Base */,
			);
			name = LaunchScreen.storyboard;
			path = .;
			sourceTree = "<group>";
		};
/* End PBXVariantGroup section */

/* Begin XCBuildConfiguration section */
		256FFDB21EB4CECA0087FCE6 /* Debug */ = {
			isa = XCBuildConfiguration;
			buildSettings = {
				ALWAYS_SEARCH_USER_PATHS = NO;
				CLANG_ANALYZER_NONNULL = YES;
				CLANG_ANALYZER_NUMBER_OBJECT_CONVERSION = YES_AGGRESSIVE;
				CLANG_CXX_LANGUAGE_STANDARD = "gnu++0x";
				CLANG_CXX_LIBRARY = "libc++";
				CLANG_ENABLE_MODULES = YES;
				CLANG_ENABLE_OBJC_ARC = YES;
				CLANG_WARN_BOOL_CONVERSION = YES;
				CLANG_WARN_CONSTANT_CONVERSION = YES;
				CLANG_WARN_DIRECT_OBJC_ISA_USAGE = YES_ERROR;
				CLANG_WARN_DOCUMENTATION_COMMENTS = YES;
				CLANG_WARN_EMPTY_BODY = YES;
				CLANG_WARN_ENUM_CONVERSION = YES;
				CLANG_WARN_INFINITE_RECURSION = YES;
				CLANG_WARN_INT_CONVERSION = YES;
				CLANG_WARN_OBJC_ROOT_CLASS = YES_ERROR;
				CLANG_WARN_SUSPICIOUS_MOVE = YES;
				CLANG_WARN_UNREACHABLE_CODE = YES;
				CLANG_WARN__DUPLICATE_METHOD_MATCH = YES;
				"CODE_SIGN_IDENTITY[sdk=iphoneos*]" = "iPhone Developer";
				COPY_PHASE_STRIP = NO;
				DEBUG_INFORMATION_FORMAT = dwarf;
				ENABLE_STRICT_OBJC_MSGSEND = YES;
				ENABLE_TESTABILITY = YES;
				GCC_C_LANGUAGE_STANDARD = gnu99;
				GCC_DYNAMIC_NO_PIC = NO;
				GCC_NO_COMMON_BLOCKS = YES;
				GCC_OPTIMIZATION_LEVEL = 0;
				GCC_PREPROCESSOR_DEFINITIONS = (
					"DEBUG=1",
					"$(inherited)",
				);
				GCC_WARN_64_TO_32_BIT_CONVERSION = YES;
				GCC_WARN_ABOUT_RETURN_TYPE = YES_ERROR;
				GCC_WARN_UNDECLARED_SELECTOR = YES;
				GCC_WARN_UNINITIALIZED_AUTOS = YES_AGGRESSIVE;
				GCC_WARN_UNUSED_FUNCTION = YES;
				GCC_WARN_UNUSED_VARIABLE = YES;
				IPHONEOS_DEPLOYMENT_TARGET = 10.3;
				MTL_ENABLE_DEBUG_INFO = YES;
				ONLY_ACTIVE_ARCH = YES;
				SDKROOT = iphoneos;
			};
			name = Debug;
		};
		256FFDB31EB4CECA0087FCE6 /* Release */ = {
			isa = XCBuildConfiguration;
			buildSettings = {
				ALWAYS_SEARCH_USER_PATHS = NO;
				CLANG_ANALYZER_NONNULL = YES;
				CLANG_ANALYZER_NUMBER_OBJECT_CONVERSION = YES_AGGRESSIVE;
				CLANG_CXX_LANGUAGE_STANDARD = "gnu++0x";
				CLANG_CXX_LIBRARY = "libc++";
				CLANG_ENABLE_MODULES = YES;
				CLANG_ENABLE_OBJC_ARC = YES;
				CLANG_WARN_BOOL_CONVERSION = YES;
				CLANG_WARN_CONSTANT_CONVERSION = YES;
				CLANG_WARN_DIRECT_OBJC_ISA_USAGE = YES_ERROR;
				CLANG_WARN_DOCUMENTATION_COMMENTS = YES;
				CLANG_WARN_EMPTY_BODY = YES;
				CLANG_WARN_ENUM_CONVERSION = YES;
				CLANG_WARN_INFINITE_RECURSION = YES;
				CLANG_WARN_INT_CONVERSION = YES;
				CLANG_WARN_OBJC_ROOT_CLASS = YES_ERROR;
				CLANG_WARN_SUSPICIOUS_MOVE = YES;
				CLANG_WARN_UNREACHABLE_CODE = YES;
				CLANG_WARN__DUPLICATE_METHOD_MATCH = YES;
				"CODE_SIGN_IDENTITY[sdk=iphoneos*]" = "iPhone Developer";
				COPY_PHASE_STRIP = NO;
				DEBUG_INFORMATION_FORMAT = "dwarf-with-dsym";
				ENABLE_NS_ASSERTIONS = NO;
				ENABLE_STRICT_OBJC_MSGSEND = YES;
				GCC_C_LANGUAGE_STANDARD = gnu99;
				GCC_NO_COMMON_BLOCKS = YES;
				GCC_WARN_64_TO_32_BIT_CONVERSION = YES;
				GCC_WARN_ABOUT_RETURN_TYPE = YES_ERROR;
				GCC_WARN_UNDECLARED_SELECTOR = YES;
				GCC_WARN_UNINITIALIZED_AUTOS = YES_AGGRESSIVE;
				GCC_WARN_UNUSED_FUNCTION = YES;
				GCC_WARN_UNUSED_VARIABLE = YES;
				IPHONEOS_DEPLOYMENT_TARGET = 10.3;
				MTL_ENABLE_DEBUG_INFO = NO;
				SDKROOT = iphoneos;
				VALIDATE_PRODUCT = YES;
			};
			name = Release;
		};
		256FFDB51EB4CECA0087FCE6 /* Debug */ = {
			isa = XCBuildConfiguration;
			buildSettings = {
				ASSETCATALOG_COMPILER_APPICON_NAME = AppIcon;
				DEVELOPMENT_TEAM = 4GK5VN4446;
				INFOPLIST_FILE = HZImageFilter/Resource/Info.plist;
				LD_RUNPATH_SEARCH_PATHS = "$(inherited) @executable_path/Frameworks";
				PRODUCT_BUNDLE_IDENTIFIER = com.zzgo.HZImageFilter;
				PRODUCT_NAME = "$(TARGET_NAME)";
			};
			name = Debug;
		};
		256FFDB61EB4CECA0087FCE6 /* Release */ = {
			isa = XCBuildConfiguration;
			buildSettings = {
				ASSETCATALOG_COMPILER_APPICON_NAME = AppIcon;
				DEVELOPMENT_TEAM = 4GK5VN4446;
				INFOPLIST_FILE = HZImageFilter/Resource/Info.plist;
				LD_RUNPATH_SEARCH_PATHS = "$(inherited) @executable_path/Frameworks";
				PRODUCT_BUNDLE_IDENTIFIER = com.zzgo.HZImageFilter;
				PRODUCT_NAME = "$(TARGET_NAME)";
			};
			name = Release;
		};
/* End XCBuildConfiguration section */

/* Begin XCConfigurationList section */
		256FFD981EB4CECA0087FCE6 /* Build configuration list for PBXProject "HZImageFilter" */ = {
			isa = XCConfigurationList;
			buildConfigurations = (
				256FFDB21EB4CECA0087FCE6 /* Debug */,
				256FFDB31EB4CECA0087FCE6 /* Release */,
			);
			defaultConfigurationIsVisible = 0;
			defaultConfigurationName = Release;
		};
		256FFDB41EB4CECA0087FCE6 /* Build configuration list for PBXNativeTarget "HZImageFilter" */ = {
			isa = XCConfigurationList;
			buildConfigurations = (
				256FFDB51EB4CECA0087FCE6 /* Debug */,
				256FFDB61EB4CECA0087FCE6 /* Release */,
			);
			defaultConfigurationIsVisible = 0;
			defaultConfigurationName = Release;
		};
/* End XCConfigurationList section */
	};
	rootObject = 256FFD951EB4CECA0087FCE6 /* Project object */;
}
